<?xml version="1.0" encoding="utf-8"?>
<Project ToolsVersion="4.0" xmlns="http://schemas.microsoft.com/developer/msbuild/2003">
  <ItemGroup>
    <ClCompile Include="ApplicationContext.cpp" />
    <ClCompile Include="Camera.cpp" />
    <ClCompile Include="main.cpp" />
    <ClCompile Include="Mesh.cpp" />
    <ClCompile Include="MeshLoader.cpp" />
    <ClCompile Include="SceneNode.cpp" />
    <ClCompile Include="Shader.cpp" />
    <ClCompile Include="Texture.cpp" />
    <ClCompile Include="TextureLoader.cpp" />
    <ClCompile Include="Time.cpp" />
    <ClCompile Include="Window.cpp" />
    <ClCompile Include="external\include\glad\glad.c">
      <Filter>external</Filter>
    </ClCompile>
    <ClCompile Include="external\include\stb\stb_image.cpp">
      <Filter>external</Filter>
    </ClCompile>
  </ItemGroup>
  <ItemGroup>
    <ClInclude Include="ApplicationContext.h" />
    <ClInclude Include="Camera.h" />
    <ClInclude Include="Mesh.h" />
    <ClInclude Include="MeshLoader.h" />
    <ClInclude Include="Primitives.h" />
    <ClInclude Include="SceneNode.h" />
    <ClInclude Include="Scene.h" />
    <ClInclude Include="Shader.h" />
    <ClInclude Include="Texture.h" />
    <ClInclude Include="TextureLoader.h" />
    <ClInclude Include="Time.h" />
    <ClInclude Include="Window.h" />
  </ItemGroup>
  <ItemGroup>
    <None Include="basicShader.frag" />
    <None Include="basicShader.vert" />
  </ItemGroup>
  <ItemGroup>
    <Filter Include="external">
      <UniqueIdentifier>{4e4a4d1c-8a11-4400-8444-36995038d6e7}</UniqueIdentifier>
    </Filter>
  </ItemGroup>
</Project>